// !$*UTF8*$!
{
	archiveVersion = 1;
	classes = {
	};
	objectVersion = 50;
	objects = {

/* Begin PBXBuildFile section */
		61ACFC5E3E34CBFCE14C3228 /* Pods_FavoriteViewPractice.framework in Frameworks */ = {isa = PBXBuildFile; fileRef = B638A961BBD93477088A1054 /* Pods_FavoriteViewPractice.framework */; };
		A45B955021E6E16D008FB883 /* BorderTopStackView.swift in Sources */ = {isa = PBXBuildFile; fileRef = A45B954F21E6E16D008FB883 /* BorderTopStackView.swift */; };
		A45B955221E6EBF5008FB883 /* InstitutionDetailBlockView.swift in Sources */ = {isa = PBXBuildFile; fileRef = A45B955121E6EBF5008FB883 /* InstitutionDetailBlockView.swift */; };
		A45B955421E6EC8B008FB883 /* InstitutionDetailBlockView.xib in Resources */ = {isa = PBXBuildFile; fileRef = A45B955321E6EC8B008FB883 /* InstitutionDetailBlockView.xib */; };
		A45B955721E6F839008FB883 /* TestViewController.swift in Sources */ = {isa = PBXBuildFile; fileRef = A45B955521E6F839008FB883 /* TestViewController.swift */; };
		A45B955821E6F839008FB883 /* TestViewController.xib in Resources */ = {isa = PBXBuildFile; fileRef = A45B955621E6F839008FB883 /* TestViewController.xib */; };
		A48D7AE821E317F4007BDC33 /* MDCCustomTextField.swift in Sources */ = {isa = PBXBuildFile; fileRef = A48D7AE721E317F4007BDC33 /* MDCCustomTextField.swift */; };
		A48D7AEB21E335F1007BDC33 /* InstitutionViewController.swift in Sources */ = {isa = PBXBuildFile; fileRef = A48D7AE921E335F1007BDC33 /* InstitutionViewController.swift */; };
		A48D7AEC21E335F1007BDC33 /* InstitutionViewController.xib in Resources */ = {isa = PBXBuildFile; fileRef = A48D7AEA21E335F1007BDC33 /* InstitutionViewController.xib */; };
		A495E56921EF1F4E00FE316F /* ScrollTestViewController.swift in Sources */ = {isa = PBXBuildFile; fileRef = A495E56721EF1F4E00FE316F /* ScrollTestViewController.swift */; };
		A495E56A21EF1F4E00FE316F /* ScrollTestViewController.xib in Resources */ = {isa = PBXBuildFile; fileRef = A495E56821EF1F4E00FE316F /* ScrollTestViewController.xib */; };
		A4F19B8A21D4B67500EE9E98 /* AppDelegate.swift in Sources */ = {isa = PBXBuildFile; fileRef = A4F19B8921D4B67500EE9E98 /* AppDelegate.swift */; };
		A4F19B8F21D4B67500EE9E98 /* Main.storyboard in Resources */ = {isa = PBXBuildFile; fileRef = A4F19B8D21D4B67500EE9E98 /* Main.storyboard */; };
		A4F19B9121D4B67700EE9E98 /* Assets.xcassets in Resources */ = {isa = PBXBuildFile; fileRef = A4F19B9021D4B67700EE9E98 /* Assets.xcassets */; };
		A4F19B9421D4B67700EE9E98 /* LaunchScreen.storyboard in Resources */ = {isa = PBXBuildFile; fileRef = A4F19B9221D4B67700EE9E98 /* LaunchScreen.storyboard */; };
		A4F19B9C21D4B6FA00EE9E98 /* TabBarViewController.swift in Sources */ = {isa = PBXBuildFile; fileRef = A4F19B9B21D4B6FA00EE9E98 /* TabBarViewController.swift */; };
		A4F19B9E21D4B74200EE9E98 /* FavoriteViewController.swift in Sources */ = {isa = PBXBuildFile; fileRef = A4F19B9D21D4B74200EE9E98 /* FavoriteViewController.swift */; };
		A4F19BA121D4B84400EE9E98 /* FavoriteTableViewCell.swift in Sources */ = {isa = PBXBuildFile; fileRef = A4F19B9F21D4B84400EE9E98 /* FavoriteTableViewCell.swift */; };
		A4F19BA221D4B84400EE9E98 /* FavoriteTableViewCell.xib in Resources */ = {isa = PBXBuildFile; fileRef = A4F19BA021D4B84400EE9E98 /* FavoriteTableViewCell.xib */; };
/* End PBXBuildFile section */

/* Begin PBXFileReference section */
		07ABDB54E143A7CD3352D15D /* Pods-FavoriteViewPractice.release.xcconfig */ = {isa = PBXFileReference; includeInIndex = 1; lastKnownFileType = text.xcconfig; name = "Pods-FavoriteViewPractice.release.xcconfig"; path = "Pods/Target Support Files/Pods-FavoriteViewPractice/Pods-FavoriteViewPractice.release.xcconfig"; sourceTree = "<group>"; };
		3D35C2C389034946D7FFDDB8 /* Pods-FavoriteViewPractice.debug.xcconfig */ = {isa = PBXFileReference; includeInIndex = 1; lastKnownFileType = text.xcconfig; name = "Pods-FavoriteViewPractice.debug.xcconfig"; path = "Pods/Target Support Files/Pods-FavoriteViewPractice/Pods-FavoriteViewPractice.debug.xcconfig"; sourceTree = "<group>"; };
		A45B954F21E6E16D008FB883 /* BorderTopStackView.swift */ = {isa = PBXFileReference; lastKnownFileType = sourcecode.swift; path = BorderTopStackView.swift; sourceTree = "<group>"; };
		A45B955121E6EBF5008FB883 /* InstitutionDetailBlockView.swift */ = {isa = PBXFileReference; lastKnownFileType = sourcecode.swift; path = InstitutionDetailBlockView.swift; sourceTree = "<group>"; };
		A45B955321E6EC8B008FB883 /* InstitutionDetailBlockView.xib */ = {isa = PBXFileReference; lastKnownFileType = file.xib; path = InstitutionDetailBlockView.xib; sourceTree = "<group>"; };
		A45B955521E6F839008FB883 /* TestViewController.swift */ = {isa = PBXFileReference; lastKnownFileType = sourcecode.swift; path = TestViewController.swift; sourceTree = "<group>"; };
		A45B955621E6F839008FB883 /* TestViewController.xib */ = {isa = PBXFileReference; lastKnownFileType = file.xib; path = TestViewController.xib; sourceTree = "<group>"; };
		A47141C621D5FA43004AB662 /* ja */ = {isa = PBXFileReference; lastKnownFileType = text.plist.strings; name = ja; path = ja.lproj/Main.strings; sourceTree = "<group>"; };
		A47141C721D5FA43004AB662 /* ja */ = {isa = PBXFileReference; lastKnownFileType = text.plist.strings; name = ja; path = ja.lproj/LaunchScreen.strings; sourceTree = "<group>"; };
		A48D7AE721E317F4007BDC33 /* MDCCustomTextField.swift */ = {isa = PBXFileReference; lastKnownFileType = sourcecode.swift; path = MDCCustomTextField.swift; sourceTree = "<group>"; };
		A48D7AE921E335F1007BDC33 /* InstitutionViewController.swift */ = {isa = PBXFileReference; lastKnownFileType = sourcecode.swift; path = InstitutionViewController.swift; sourceTree = "<group>"; };
		A48D7AEA21E335F1007BDC33 /* InstitutionViewController.xib */ = {isa = PBXFileReference; lastKnownFileType = file.xib; path = InstitutionViewController.xib; sourceTree = "<group>"; };
		A495E56721EF1F4E00FE316F /* ScrollTestViewController.swift */ = {isa = PBXFileReference; lastKnownFileType = sourcecode.swift; path = ScrollTestViewController.swift; sourceTree = "<group>"; };
		A495E56821EF1F4E00FE316F /* ScrollTestViewController.xib */ = {isa = PBXFileReference; lastKnownFileType = file.xib; path = ScrollTestViewController.xib; sourceTree = "<group>"; };
		A4F19B8621D4B67500EE9E98 /* FavoriteViewPractice.app */ = {isa = PBXFileReference; explicitFileType = wrapper.application; includeInIndex = 0; path = FavoriteViewPractice.app; sourceTree = BUILT_PRODUCTS_DIR; };
		A4F19B8921D4B67500EE9E98 /* AppDelegate.swift */ = {isa = PBXFileReference; lastKnownFileType = sourcecode.swift; path = AppDelegate.swift; sourceTree = "<group>"; };
		A4F19B8E21D4B67500EE9E98 /* Base */ = {isa = PBXFileReference; lastKnownFileType = file.storyboard; name = Base; path = Base.lproj/Main.storyboard; sourceTree = "<group>"; };
		A4F19B9021D4B67700EE9E98 /* Assets.xcassets */ = {isa = PBXFileReference; lastKnownFileType = folder.assetcatalog; path = Assets.xcassets; sourceTree = "<group>"; };
		A4F19B9321D4B67700EE9E98 /* Base */ = {isa = PBXFileReference; lastKnownFileType = file.storyboard; name = Base; path = Base.lproj/LaunchScreen.storyboard; sourceTree = "<group>"; };
		A4F19B9521D4B67700EE9E98 /* Info.plist */ = {isa = PBXFileReference; lastKnownFileType = text.plist.xml; path = Info.plist; sourceTree = "<group>"; };
		A4F19B9B21D4B6FA00EE9E98 /* TabBarViewController.swift */ = {isa = PBXFileReference; lastKnownFileType = sourcecode.swift; path = TabBarViewController.swift; sourceTree = "<group>"; };
		A4F19B9D21D4B74200EE9E98 /* FavoriteViewController.swift */ = {isa = PBXFileReference; lastKnownFileType = sourcecode.swift; path = FavoriteViewController.swift; sourceTree = "<group>"; };
		A4F19B9F21D4B84400EE9E98 /* FavoriteTableViewCell.swift */ = {isa = PBXFileReference; lastKnownFileType = sourcecode.swift; path = FavoriteTableViewCell.swift; sourceTree = "<group>"; };
		A4F19BA021D4B84400EE9E98 /* FavoriteTableViewCell.xib */ = {isa = PBXFileReference; lastKnownFileType = file.xib; path = FavoriteTableViewCell.xib; sourceTree = "<group>"; };
		B638A961BBD93477088A1054 /* Pods_FavoriteViewPractice.framework */ = {isa = PBXFileReference; explicitFileType = wrapper.framework; includeInIndex = 0; path = Pods_FavoriteViewPractice.framework; sourceTree = BUILT_PRODUCTS_DIR; };
/* End PBXFileReference section */

/* Begin PBXFrameworksBuildPhase section */
		A4F19B8321D4B67500EE9E98 /* Frameworks */ = {
			isa = PBXFrameworksBuildPhase;
			buildActionMask = 2147483647;
			files = (
				61ACFC5E3E34CBFCE14C3228 /* Pods_FavoriteViewPractice.framework in Frameworks */,
			);
			runOnlyForDeploymentPostprocessing = 0;
		};
/* End PBXFrameworksBuildPhase section */

/* Begin PBXGroup section */
		15A80B55EC37EDD019A9F965 /* Frameworks */ = {
			isa = PBXGroup;
			children = (
				B638A961BBD93477088A1054 /* Pods_FavoriteViewPractice.framework */,
			);
			name = Frameworks;
			sourceTree = "<group>";
		};
		9CD9C80DDFD5DD82097B7644 /* Pods */ = {
			isa = PBXGroup;
			children = (
				3D35C2C389034946D7FFDDB8 /* Pods-FavoriteViewPractice.debug.xcconfig */,
				07ABDB54E143A7CD3352D15D /* Pods-FavoriteViewPractice.release.xcconfig */,
			);
			name = Pods;
			sourceTree = "<group>";
		};
		A45B954E21E6DC2F008FB883 /* CustomViews */ = {
			isa = PBXGroup;
			children = (
				A45B954F21E6E16D008FB883 /* BorderTopStackView.swift */,
				A45B955121E6EBF5008FB883 /* InstitutionDetailBlockView.swift */,
				A45B955321E6EC8B008FB883 /* InstitutionDetailBlockView.xib */,
			);
			path = CustomViews;
			sourceTree = "<group>";
		};
		A4F19B7D21D4B67500EE9E98 = {
			isa = PBXGroup;
			children = (
				A4F19B8821D4B67500EE9E98 /* FavoriteViewPractice */,
				A4F19B8721D4B67500EE9E98 /* Products */,
				9CD9C80DDFD5DD82097B7644 /* Pods */,
				15A80B55EC37EDD019A9F965 /* Frameworks */,
			);
			sourceTree = "<group>";
		};
		A4F19B8721D4B67500EE9E98 /* Products */ = {
			isa = PBXGroup;
			children = (
				A4F19B8621D4B67500EE9E98 /* FavoriteViewPractice.app */,
			);
			name = Products;
			sourceTree = "<group>";
		};
		A4F19B8821D4B67500EE9E98 /* FavoriteViewPractice */ = {
			isa = PBXGroup;
			children = (
				A45B954E21E6DC2F008FB883 /* CustomViews */,
				A4F19B8921D4B67500EE9E98 /* AppDelegate.swift */,
				A4F19B9B21D4B6FA00EE9E98 /* TabBarViewController.swift */,
				A48D7AE921E335F1007BDC33 /* InstitutionViewController.swift */,
				A48D7AEA21E335F1007BDC33 /* InstitutionViewController.xib */,
				A4F19B8D21D4B67500EE9E98 /* Main.storyboard */,
				A4F19B9021D4B67700EE9E98 /* Assets.xcassets */,
				A4F19B9221D4B67700EE9E98 /* LaunchScreen.storyboard */,
				A4F19B9521D4B67700EE9E98 /* Info.plist */,
				A4F19B9D21D4B74200EE9E98 /* FavoriteViewController.swift */,
				A4F19B9F21D4B84400EE9E98 /* FavoriteTableViewCell.swift */,
				A4F19BA021D4B84400EE9E98 /* FavoriteTableViewCell.xib */,
				A48D7AE721E317F4007BDC33 /* MDCCustomTextField.swift */,
				A45B955521E6F839008FB883 /* TestViewController.swift */,
				A45B955621E6F839008FB883 /* TestViewController.xib */,
				A495E56721EF1F4E00FE316F /* ScrollTestViewController.swift */,
				A495E56821EF1F4E00FE316F /* ScrollTestViewController.xib */,
			);
			path = FavoriteViewPractice;
			sourceTree = "<group>";
		};
/* End PBXGroup section */

/* Begin PBXNativeTarget section */
		A4F19B8521D4B67500EE9E98 /* FavoriteViewPractice */ = {
			isa = PBXNativeTarget;
			buildConfigurationList = A4F19B9821D4B67700EE9E98 /* Build configuration list for PBXNativeTarget "FavoriteViewPractice" */;
			buildPhases = (
				4BB6122FC943260D910A8E6E /* [CP] Check Pods Manifest.lock */,
				A4F19B8221D4B67500EE9E98 /* Sources */,
				A4F19B8321D4B67500EE9E98 /* Frameworks */,
				A4F19B8421D4B67500EE9E98 /* Resources */,
				21CF9235FBFBD42228BE1131 /* [CP] Embed Pods Frameworks */,
			);
			buildRules = (
			);
			dependencies = (
			);
			name = FavoriteViewPractice;
			productName = FavoriteViewPractice;
			productReference = A4F19B8621D4B67500EE9E98 /* FavoriteViewPractice.app */;
			productType = "com.apple.product-type.application";
		};
/* End PBXNativeTarget section */

/* Begin PBXProject section */
		A4F19B7E21D4B67500EE9E98 /* Project object */ = {
			isa = PBXProject;
			attributes = {
				LastSwiftUpdateCheck = 1010;
				LastUpgradeCheck = 1010;
				ORGANIZATIONNAME = "藤田和磨";
				TargetAttributes = {
					A4F19B8521D4B67500EE9E98 = {
						CreatedOnToolsVersion = 10.1;
					};
				};
			};
			buildConfigurationList = A4F19B8121D4B67500EE9E98 /* Build configuration list for PBXProject "FavoriteViewPractice" */;
			compatibilityVersion = "Xcode 9.3";
			developmentRegion = en;
			hasScannedForEncodings = 0;
			knownRegions = (
				en,
				Base,
			);
			mainGroup = A4F19B7D21D4B67500EE9E98;
			productRefGroup = A4F19B8721D4B67500EE9E98 /* Products */;
			projectDirPath = "";
			projectRoot = "";
			targets = (
				A4F19B8521D4B67500EE9E98 /* FavoriteViewPractice */,
			);
		};
/* End PBXProject section */

/* Begin PBXResourcesBuildPhase section */
		A4F19B8421D4B67500EE9E98 /* Resources */ = {
			isa = PBXResourcesBuildPhase;
			buildActionMask = 2147483647;
			files = (
				A4F19B9421D4B67700EE9E98 /* LaunchScreen.storyboard in Resources */,
				A48D7AEC21E335F1007BDC33 /* InstitutionViewController.xib in Resources */,
				A4F19BA221D4B84400EE9E98 /* FavoriteTableViewCell.xib in Resources */,
				A495E56A21EF1F4E00FE316F /* ScrollTestViewController.xib in Resources */,
				A4F19B9121D4B67700EE9E98 /* Assets.xcassets in Resources */,
				A45B955421E6EC8B008FB883 /* InstitutionDetailBlockView.xib in Resources */,
				A45B955821E6F839008FB883 /* TestViewController.xib in Resources */,
				A4F19B8F21D4B67500EE9E98 /* Main.storyboard in Resources */,
			);
			runOnlyForDeploymentPostprocessing = 0;
		};
/* End PBXResourcesBuildPhase section */

/* Begin PBXShellScriptBuildPhase section */
		21CF9235FBFBD42228BE1131 /* [CP] Embed Pods Frameworks */ = {
			isa = PBXShellScriptBuildPhase;
			buildActionMask = 2147483647;
			files = (
			);
			inputFileListPaths = (
			);
			inputPaths = (
				"${SRCROOT}/Pods/Target Support Files/Pods-FavoriteViewPractice/Pods-FavoriteViewPractice-frameworks.sh",
				"${BUILT_PRODUCTS_DIR}/CHIPageControl/CHIPageControl.framework",
				"${BUILT_PRODUCTS_DIR}/FDFullscreenPopGesture/FDFullscreenPopGesture.framework",
				"${BUILT_PRODUCTS_DIR}/FaveButton/FaveButton.framework",
				"${BUILT_PRODUCTS_DIR}/Hero/Hero.framework",
				"${BUILT_PRODUCTS_DIR}/ImageSlideshow/ImageSlideshow.framework",
				"${BUILT_PRODUCTS_DIR}/MDFInternationalization/MDFInternationalization.framework",
				"${BUILT_PRODUCTS_DIR}/MDFTextAccessibility/MDFTextAccessibility.framework",
				"${BUILT_PRODUCTS_DIR}/MaterialComponents/MaterialComponents.framework",
				"${BUILT_PRODUCTS_DIR}/MotionAnimator/MotionAnimator.framework",
				"${BUILT_PRODUCTS_DIR}/MotionInterchange/MotionInterchange.framework",
				"${BUILT_PRODUCTS_DIR}/MotionTransitioning/MotionTransitioning.framework",
			);
			name = "[CP] Embed Pods Frameworks";
			outputFileListPaths = (
			);
			outputPaths = (
				"${TARGET_BUILD_DIR}/${FRAMEWORKS_FOLDER_PATH}/CHIPageControl.framework",
				"${TARGET_BUILD_DIR}/${FRAMEWORKS_FOLDER_PATH}/FDFullscreenPopGesture.framework",
				"${TARGET_BUILD_DIR}/${FRAMEWORKS_FOLDER_PATH}/FaveButton.framework",
				"${TARGET_BUILD_DIR}/${FRAMEWORKS_FOLDER_PATH}/Hero.framework",
				"${TARGET_BUILD_DIR}/${FRAMEWORKS_FOLDER_PATH}/ImageSlideshow.framework",
				"${TARGET_BUILD_DIR}/${FRAMEWORKS_FOLDER_PATH}/MDFInternationalization.framework",
				"${TARGET_BUILD_DIR}/${FRAMEWORKS_FOLDER_PATH}/MDFTextAccessibility.framework",
				"${TARGET_BUILD_DIR}/${FRAMEWORKS_FOLDER_PATH}/MaterialComponents.framework",
				"${TARGET_BUILD_DIR}/${FRAMEWORKS_FOLDER_PATH}/MotionAnimator.framework",
				"${TARGET_BUILD_DIR}/${FRAMEWORKS_FOLDER_PATH}/MotionInterchange.framework",
				"${TARGET_BUILD_DIR}/${FRAMEWORKS_FOLDER_PATH}/MotionTransitioning.framework",
			);
			runOnlyForDeploymentPostprocessing = 0;
			shellPath = /bin/sh;
			shellScript = "\"${SRCROOT}/Pods/Target Support Files/Pods-FavoriteViewPractice/Pods-FavoriteViewPractice-frameworks.sh\"\n";
			showEnvVarsInLog = 0;
		};
		4BB6122FC943260D910A8E6E /* [CP] Check Pods Manifest.lock */ = {
			isa = PBXShellScriptBuildPhase;
			buildActionMask = 2147483647;
			files = (
			);
			inputFileListPaths = (
			);
			inputPaths = (
				"${PODS_PODFILE_DIR_PATH}/Podfile.lock",
				"${PODS_ROOT}/Manifest.lock",
			);
			name = "[CP] Check Pods Manifest.lock";
			outputFileListPaths = (
			);
			outputPaths = (
				"$(DERIVED_FILE_DIR)/Pods-FavoriteViewPractice-checkManifestLockResult.txt",
			);
			runOnlyForDeploymentPostprocessing = 0;
			shellPath = /bin/sh;
			shellScript = "diff \"${PODS_PODFILE_DIR_PATH}/Podfile.lock\" \"${PODS_ROOT}/Manifest.lock\" > /dev/null\nif [ $? != 0 ] ; then\n    # print error to STDERR\n    echo \"error: The sandbox is not in sync with the Podfile.lock. Run 'pod install' or update your CocoaPods installation.\" >&2\n    exit 1\nfi\n# This output is used by Xcode 'outputs' to avoid re-running this script phase.\necho \"SUCCESS\" > \"${SCRIPT_OUTPUT_FILE_0}\"\n";
			showEnvVarsInLog = 0;
		};
/* End PBXShellScriptBuildPhase section */

/* Begin PBXSourcesBuildPhase section */
		A4F19B8221D4B67500EE9E98 /* Sources */ = {
			isa = PBXSourcesBuildPhase;
			buildActionMask = 2147483647;
			files = (
				A4F19B9C21D4B6FA00EE9E98 /* TabBarViewController.swift in Sources */,
				A4F19BA121D4B84400EE9E98 /* FavoriteTableViewCell.swift in Sources */,
				A45B955021E6E16D008FB883 /* BorderTopStackView.swift in Sources */,
				A4F19B9E21D4B74200EE9E98 /* FavoriteViewController.swift in Sources */,
				A45B955221E6EBF5008FB883 /* InstitutionDetailBlockView.swift in Sources */,
				A4F19B8A21D4B67500EE9E98 /* AppDelegate.swift in Sources */,
				A48D7AE821E317F4007BDC33 /* MDCCustomTextField.swift in Sources */,
				A495E56921EF1F4E00FE316F /* ScrollTestViewController.swift in Sources */,
				A45B955721E6F839008FB883 /* TestViewController.swift in Sources */,
				A48D7AEB21E335F1007BDC33 /* InstitutionViewController.swift in Sources */,
			);
			runOnlyForDeploymentPostprocessing = 0;
		};
/* End PBXSourcesBuildPhase section */

/* Begin PBXVariantGroup section */
		A4F19B8D21D4B67500EE9E98 /* Main.storyboard */ = {
			isa = PBXVariantGroup;
			children = (
				A4F19B8E21D4B67500EE9E98 /* Base */,
				A47141C621D5FA43004AB662 /* ja */,
			);
			name = Main.storyboard;
			sourceTree = "<group>";
		};
		A4F19B9221D4B67700EE9E98 /* LaunchScreen.storyboard */ = {
			isa = PBXVariantGroup;
			children = (
				A4F19B9321D4B67700EE9E98 /* Base */,
				A47141C721D5FA43004AB662 /* ja */,
			);
			name = LaunchScreen.storyboard;
			sourceTree = "<group>";
		};
/* End PBXVariantGroup section */

/* Begin XCBuildConfiguration section */
		A4F19B9621D4B67700EE9E98 /* Debug */ = {
			isa = XCBuildConfiguration;
			buildSettings = {
				ALWAYS_SEARCH_USER_PATHS = NO;
				CLANG_ANALYZER_LOCALIZABILITY_NONLOCALIZED = YES;
				CLANG_ANALYZER_NONNULL = YES;
				CLANG_ANALYZER_NUMBER_OBJECT_CONVERSION = YES_AGGRESSIVE;
				CLANG_CXX_LANGUAGE_STANDARD = "gnu++14";
				CLANG_CXX_LIBRARY = "libc++";
				CLANG_ENABLE_MODULES = YES;
				CLANG_ENABLE_OBJC_ARC = YES;
				CLANG_ENABLE_OBJC_WEAK = YES;
				CLANG_WARN_BLOCK_CAPTURE_AUTORELEASING = YES;
				CLANG_WARN_BOOL_CONVERSION = YES;
				CLANG_WARN_COMMA = YES;
				CLANG_WARN_CONSTANT_CONVERSION = YES;
				CLANG_WARN_DEPRECATED_OBJC_IMPLEMENTATIONS = YES;
				CLANG_WARN_DIRECT_OBJC_ISA_USAGE = YES_ERROR;
				CLANG_WARN_DOCUMENTATION_COMMENTS = YES;
				CLANG_WARN_EMPTY_BODY = YES;
				CLANG_WARN_ENUM_CONVERSION = YES;
				CLANG_WARN_INFINITE_RECURSION = YES;
				CLANG_WARN_INT_CONVERSION = YES;
				CLANG_WARN_NON_LITERAL_NULL_CONVERSION = YES;
				CLANG_WARN_OBJC_IMPLICIT_RETAIN_SELF = YES;
				CLANG_WARN_OBJC_LITERAL_CONVERSION = YES;
				CLANG_WARN_OBJC_ROOT_CLASS = YES_ERROR;
				CLANG_WARN_RANGE_LOOP_ANALYSIS = YES;
				CLANG_WARN_STRICT_PROTOTYPES = YES;
				CLANG_WARN_SUSPICIOUS_MOVE = YES;
				CLANG_WARN_UNGUARDED_AVAILABILITY = YES_AGGRESSIVE;
				CLANG_WARN_UNREACHABLE_CODE = YES;
				CLANG_WARN__DUPLICATE_METHOD_MATCH = YES;
				CODE_SIGN_IDENTITY = "iPhone Developer";
				COPY_PHASE_STRIP = NO;
				DEBUG_INFORMATION_FORMAT = dwarf;
				ENABLE_STRICT_OBJC_MSGSEND = YES;
				ENABLE_TESTABILITY = YES;
				GCC_C_LANGUAGE_STANDARD = gnu11;
				GCC_DYNAMIC_NO_PIC = NO;
				GCC_NO_COMMON_BLOCKS = YES;
				GCC_OPTIMIZATION_LEVEL = 0;
				GCC_PREPROCESSOR_DEFINITIONS = (
					"DEBUG=1",
					"$(inherited)",
				);
				GCC_WARN_64_TO_32_BIT_CONVERSION = YES;
				GCC_WARN_ABOUT_RETURN_TYPE = YES_ERROR;
				GCC_WARN_UNDECLARED_SELECTOR = YES;
				GCC_WARN_UNINITIALIZED_AUTOS = YES_AGGRESSIVE;
				GCC_WARN_UNUSED_FUNCTION = YES;
				GCC_WARN_UNUSED_VARIABLE = YES;
				IPHONEOS_DEPLOYMENT_TARGET = 12.1;
				MTL_ENABLE_DEBUG_INFO = INCLUDE_SOURCE;
				MTL_FAST_MATH = YES;
				ONLY_ACTIVE_ARCH = YES;
				SDKROOT = iphoneos;
				SWIFT_ACTIVE_COMPILATION_CONDITIONS = DEBUG;
				SWIFT_OPTIMIZATION_LEVEL = "-Onone";
			};
			name = Debug;
		};
		A4F19B9721D4B67700EE9E98 /* Release */ = {
			isa = XCBuildConfiguration;
			buildSettings = {
				ALWAYS_SEARCH_USER_PATHS = NO;
				CLANG_ANALYZER_LOCALIZABILITY_NONLOCALIZED = YES;
				CLANG_ANALYZER_NONNULL = YES;
				CLANG_ANALYZER_NUMBER_OBJECT_CONVERSION = YES_AGGRESSIVE;
				CLANG_CXX_LANGUAGE_STANDARD = "gnu++14";
				CLANG_CXX_LIBRARY = "libc++";
				CLANG_ENABLE_MODULES = YES;
				CLANG_ENABLE_OBJC_ARC = YES;
				CLANG_ENABLE_OBJC_WEAK = YES;
				CLANG_WARN_BLOCK_CAPTURE_AUTORELEASING = YES;
				CLANG_WARN_BOOL_CONVERSION = YES;
				CLANG_WARN_COMMA = YES;
				CLANG_WARN_CONSTANT_CONVERSION = YES;
				CLANG_WARN_DEPRECATED_OBJC_IMPLEMENTATIONS = YES;
				CLANG_WARN_DIRECT_OBJC_ISA_USAGE = YES_ERROR;
				CLANG_WARN_DOCUMENTATION_COMMENTS = YES;
				CLANG_WARN_EMPTY_BODY = YES;
				CLANG_WARN_ENUM_CONVERSION = YES;
				CLANG_WARN_INFINITE_RECURSION = YES;
				CLANG_WARN_INT_CONVERSION = YES;
				CLANG_WARN_NON_LITERAL_NULL_CONVERSION = YES;
				CLANG_WARN_OBJC_IMPLICIT_RETAIN_SELF = YES;
				CLANG_WARN_OBJC_LITERAL_CONVERSION = YES;
				CLANG_WARN_OBJC_ROOT_CLASS = YES_ERROR;
				CLANG_WARN_RANGE_LOOP_ANALYSIS = YES;
				CLANG_WARN_STRICT_PROTOTYPES = YES;
				CLANG_WARN_SUSPICIOUS_MOVE = YES;
				CLANG_WARN_UNGUARDED_AVAILABILITY = YES_AGGRESSIVE;
				CLANG_WARN_UNREACHABLE_CODE = YES;
				CLANG_WARN__DUPLICATE_METHOD_MATCH = YES;
				CODE_SIGN_IDENTITY = "iPhone Developer";
				COPY_PHASE_STRIP = NO;
				DEBUG_INFORMATION_FORMAT = "dwarf-with-dsym";
				ENABLE_NS_ASSERTIONS = NO;
				ENABLE_STRICT_OBJC_MSGSEND = YES;
				GCC_C_LANGUAGE_STANDARD = gnu11;
				GCC_NO_COMMON_BLOCKS = YES;
				GCC_WARN_64_TO_32_BIT_CONVERSION = YES;
				GCC_WARN_ABOUT_RETURN_TYPE = YES_ERROR;
				GCC_WARN_UNDECLARED_SELECTOR = YES;
				GCC_WARN_UNINITIALIZED_AUTOS = YES_AGGRESSIVE;
				GCC_WARN_UNUSED_FUNCTION = YES;
				GCC_WARN_UNUSED_VARIABLE = YES;
				IPHONEOS_DEPLOYMENT_TARGET = 12.1;
				MTL_ENABLE_DEBUG_INFO = NO;
				MTL_FAST_MATH = YES;
				SDKROOT = iphoneos;
				SWIFT_COMPILATION_MODE = wholemodule;
				SWIFT_OPTIMIZATION_LEVEL = "-O";
				VALIDATE_PRODUCT = YES;
			};
			name = Release;
		};
		A4F19B9921D4B67700EE9E98 /* Debug */ = {
			isa = XCBuildConfiguration;
			baseConfigurationReference = 3D35C2C389034946D7FFDDB8 /* Pods-FavoriteViewPractice.debug.xcconfig */;
			buildSettings = {
				ASSETCATALOG_COMPILER_APPICON_NAME = AppIcon;
				CODE_SIGN_STYLE = Automatic;
				DEVELOPMENT_TEAM = WK7LW3JQ6K;
				INFOPLIST_FILE = FavoriteViewPractice/Info.plist;
				LD_RUNPATH_SEARCH_PATHS = (
					"$(inherited)",
					"@executable_path/Frameworks",
				);
				PRODUCT_BUNDLE_IDENTIFIER = jp.co.genova.kazuma.fujita.FavoriteViewPractice;
				PRODUCT_NAME = "$(TARGET_NAME)";
				SWIFT_VERSION = 4.2;
				TARGETED_DEVICE_FAMILY = "1,2";
			};
			name = Debug;
		};
		A4F19B9A21D4B67700EE9E98 /* Release */ = {
			isa = XCBuildConfiguration;
			baseConfigurationReference = 07ABDB54E143A7CD3352D15D /* Pods-FavoriteViewPractice.release.xcconfig */;
			buildSettings = {
				ASSETCATALOG_COMPILER_APPICON_NAME = AppIcon;
				CODE_SIGN_STYLE = Automatic;
				DEVELOPMENT_TEAM = WK7LW3JQ6K;
				INFOPLIST_FILE = FavoriteViewPractice/Info.plist;
				LD_RUNPATH_SEARCH_PATHS = (
					"$(inherited)",
					"@executable_path/Frameworks",
				);
				PRODUCT_BUNDLE_IDENTIFIER = jp.co.genova.kazuma.fujita.FavoriteViewPractice;
				PRODUCT_NAME = "$(TARGET_NAME)";
				SWIFT_VERSION = 4.2;
				TARGETED_DEVICE_FAMILY = "1,2";
			};
			name = Release;
		};
/* End XCBuildConfiguration section */

/* Begin XCConfigurationList section */
		A4F19B8121D4B67500EE9E98 /* Build configuration list for PBXProject "FavoriteViewPractice" */ = {
			isa = XCConfigurationList;
			buildConfigurations = (
				A4F19B9621D4B67700EE9E98 /* Debug */,
				A4F19B9721D4B67700EE9E98 /* Release */,
			);
			defaultConfigurationIsVisible = 0;
			defaultConfigurationName = Release;
		};
		A4F19B9821D4B67700EE9E98 /* Build configuration list for PBXNativeTarget "FavoriteViewPractice" */ = {
			isa = XCConfigurationList;
			buildConfigurations = (
				A4F19B9921D4B67700EE9E98 /* Debug */,
				A4F19B9A21D4B67700EE9E98 /* Release */,
			);
			defaultConfigurationIsVisible = 0;
			defaultConfigurationName = Release;
		};
/* End XCConfigurationList section */
	};
	rootObject = A4F19B7E21D4B67500EE9E98 /* Project object */;
}
